# THIS IS AN AUTOGENERATED FILE. DO NOT EDIT THIS FILE DIRECTLY.
# yarn lockfile v1


cordova-plugin-battery-status@~1.2.4:
  version "1.2.5"
  resolved "https://registry.yarnpkg.com/cordova-plugin-battery-status/-/cordova-plugin-battery-status-1.2.5.tgz#6c648f9b3cf5ab034b95c5cffe584f5576d42ca9"
  integrity sha1-bGSPmzz1qwNLlcXP/lhPVXbULKk=

cordova-plugin-camera@~2.4.1:
  version "2.4.1"
  resolved "https://registry.yarnpkg.com/cordova-plugin-camera/-/cordova-plugin-camera-2.4.1.tgz#195e34e12db64f1c49e764f7d4e3f261aa3d94c1"
  integrity sha1-GV404S22TxxJ52T31OPyYao9lME=

cordova-plugin-device@~1.1.6:
  version "1.1.7"
  resolved "https://registry.yarnpkg.com/cordova-plugin-device/-/cordova-plugin-device-1.1.7.tgz#fc94111be6932628c66868938ddf3dc82c9fbfe6"
  integrity sha1-/JQRG+aTJijGaGiTjd89yCyfv+Y=

cordova-plugin-dialogs@~1.3.3:
  version "1.3.4"
  resolved "https://registry.yarnpkg.com/cordova-plugin-dialogs/-/cordova-plugin-dialogs-1.3.4.tgz#5cc966ee7c99b2f5b5b3ddf849002628b0da7157"
  integrity sha1-XMlm7nyZsvW1s934SQAmKLDacVc=

cordova-plugin-file@~4.3.3:
  version "4.3.3"
  resolved "https://registry.yarnpkg.com/cordova-plugin-file/-/cordova-plugin-file-4.3.3.tgz#012e97aa1afb91f84916e6341b548366d23de9b9"
  integrity sha1-AS6Xqhr7kfhJFuY0G1SDZtI96bk=

cordova-plugin-geolocation@~2.4.3:
  version "2.4.3"
  resolved "https://registry.yarnpkg.com/cordova-plugin-geolocation/-/cordova-plugin-geolocation-2.4.3.tgz#1dd00023d1f1a2ce330f8767ed08f7b738fe7184"
  integrity sha1-HdAAI9Hxos4zD4dn7Qj3tzj+cYQ=

cordova-plugin-globalization@~1.0.7:
  version "1.0.9"
  resolved "https://registry.yarnpkg.com/cordova-plugin-globalization/-/cordova-plugin-globalization-1.0.9.tgz#465b9998feea0b888844d09cd7da02bfa26cb7a3"
  integrity sha1-RluZmP7qC4iIRNCc19oCv6Jst6M=

cordova-plugin-inappbrowser@~1.7.1:
  version "1.7.2"
  resolved "https://registry.yarnpkg.com/cordova-plugin-inappbrowser/-/cordova-plugin-inappbrowser-1.7.2.tgz#64763495be87eb2e7adb1a08f0209b96ea5ceee0"
  integrity sha1-ZHY0lb6H6y562xoI8CCblupc7uA=

cordova-plugin-media-capture@~1.4.3:
  version "1.4.3"
  resolved "https://registry.yarnpkg.com/cordova-plugin-media-capture/-/cordova-plugin-media-capture-1.4.3.tgz#20e3bbe334fbb89f624b02188eac5372743920fa"
  integrity sha1-IOO74zT7uJ9iSwIYjqxTcnQ5IPo=

cordova-plugin-network-information@~1.3.3:
  version "1.3.4"
  resolved "https://registry.yarnpkg.com/cordova-plugin-network-information/-/cordova-plugin-network-information-1.3.4.tgz#28f426cc2659174dc622a07180f9ba0d855f7383"
  integrity sha1-KPQmzCZZF03GIqBxgPm6DYVfc4M=

cordova-plugin-vibration@~2.1.5:
  version "2.1.6"
  resolved "https://registry.yarnpkg.com/cordova-plugin-vibration/-/cordova-plugin-vibration-2.1.6.tgz#e57295892cf15e44b0c99f8feb44774395cb4a3e"
  integrity sha1-5XKViSzxXkSwyZ+P60R3Q5XLSj4=
